
Microsoft Visual Studio Solution File, Format Version 12.00
# Visual Studio Version 17
VisualStudioVersion = 17.4.33213.308
MinimumVisualStudioVersion = 10.0.40219.1
Project("{FAE04EC0-301F-11D3-BF4B-00C04F79EFBC}") = "BiblioTech.Api", "BiblioTech\BiblioTech.Api.csproj", "{CE03D507-8292-49DA-83CC-458E98BA173E}"
EndProject
Project("{FAE04EC0-301F-11D3-BF4B-00C04F79EFBC}") = "BiblioTech.Application", "BiblioTech.Application\BiblioTech.Application.csproj", "{35B51646-1247-44D4-9546-ED903D899244}"
EndProject
Project("{FAE04EC0-301F-11D3-BF4B-00C04F79EFBC}") = "BiblioTech.Domain", "BiblioTech.Domain\BiblioTech.Domain.csproj", "{173B3D4F-E2C4-4E08-A33C-3567B9D71312}"
EndProject
Project("{FAE04EC0-301F-11D3-BF4B-00C04F79EFBC}") = "BiblioTech.Infra", "BiblioTech.Infra\BiblioTech.Infra.csproj", "{D4E6C257-7E10-4240-86B1-D8949B69AFE4}"
EndProject
Global
	GlobalSection(SolutionConfigurationPlatforms) = preSolution
		Debug|Any CPU = Debug|Any CPU
		Release|Any CPU = Release|Any CPU
	EndGlobalSection
	GlobalSection(ProjectConfigurationPlatforms) = postSolution
		{CE03D507-8292-49DA-83CC-458E98BA173E}.Debug|Any CPU.ActiveCfg = Debug|Any CPU
		{CE03D507-8292-49DA-83CC-458E98BA173E}.Debug|Any CPU.Build.0 = Debug|Any CPU
		{CE03D507-8292-49DA-83CC-458E98BA173E}.Release|Any CPU.ActiveCfg = Release|Any CPU
		{CE03D507-8292-49DA-83CC-458E98BA173E}.Release|Any CPU.Build.0 = Release|Any CPU
		{35B51646-1247-44D4-9546-ED903D899244}.Debug|Any CPU.ActiveCfg = Debug|Any CPU
		{35B51646-1247-44D4-9546-ED903D899244}.Debug|Any CPU.Build.0 = Debug|Any CPU
		{35B51646-1247-44D4-9546-ED903D899244}.Release|Any CPU.ActiveCfg = Release|Any CPU
		{35B51646-1247-44D4-9546-ED903D899244}.Release|Any CPU.Build.0 = Release|Any CPU
		{173B3D4F-E2C4-4E08-A33C-3567B9D71312}.Debug|Any CPU.ActiveCfg = Debug|Any CPU
		{173B3D4F-E2C4-4E08-A33C-3567B9D71312}.Debug|Any CPU.Build.0 = Debug|Any CPU
		{173B3D4F-E2C4-4E08-A33C-3567B9D71312}.Release|Any CPU.ActiveCfg = Release|Any CPU
		{173B3D4F-E2C4-4E08-A33C-3567B9D71312}.Release|Any CPU.Build.0 = Release|Any CPU
		{D4E6C257-7E10-4240-86B1-D8949B69AFE4}.Debug|Any CPU.ActiveCfg = Debug|Any CPU
		{D4E6C257-7E10-4240-86B1-D8949B69AFE4}.Debug|Any CPU.Build.0 = Debug|Any CPU
		{D4E6C257-7E10-4240-86B1-D8949B69AFE4}.Release|Any CPU.ActiveCfg = Release|Any CPU
		{D4E6C257-7E10-4240-86B1-D8949B69AFE4}.Release|Any CPU.Build.0 = Release|Any CPU
	EndGlobalSection
	GlobalSection(SolutionProperties) = preSolution
		HideSolutionNode = FALSE
	EndGlobalSection
	GlobalSection(ExtensibilityGlobals) = postSolution
		SolutionGuid = {7D1A646E-4048-4932-9950-FB32FC9D4E88}
	EndGlobalSection
EndGlobal
